
Microsoft Visual Studio Solution File, Format Version 12.00
# Visual Studio Version 17
VisualStudioVersion = 17.8.34330.188
MinimumVisualStudioVersion = 10.0.40219.1
Project("{FAE04EC0-301F-11D3-BF4B-00C04F79EFBC}") = "WpfSakk", "WpfSakk\WpfSakk.csproj", "{3F4D7085-8E7A-4771-82C3-F116BD075D31}"
EndProject
Global
	GlobalSection(SolutionConfigurationPlatforms) = preSolution
		Debug|Any CPU = Debug|Any CPU
		Release|Any CPU = Release|Any CPU
	EndGlobalSection
	GlobalSection(ProjectConfigurationPlatforms) = postSolution
		{3F4D7085-8E7A-4771-82C3-F116BD075D31}.Debug|Any CPU.ActiveCfg = Debug|Any CPU
		{3F4D7085-8E7A-4771-82C3-F116BD075D31}.Debug|Any CPU.Build.0 = Debug|Any CPU
		{3F4D7085-8E7A-4771-82C3-F116BD075D31}.Release|Any CPU.ActiveCfg = Release|Any CPU
		{3F4D7085-8E7A-4771-82C3-F116BD075D31}.Release|Any CPU.Build.0 = Release|Any CPU
	EndGlobalSection
	GlobalSection(SolutionProperties) = preSolution
		HideSolutionNode = FALSE
	EndGlobalSection
	GlobalSection(ExtensibilityGlobals) = postSolution
		SolutionGuid = {06D5031E-78C6-45A0-8F14-2D7335E8FA9A}
	EndGlobalSection
EndGlobal
